
Microsoft Visual Studio Solution File, Format Version 12.00
# Visual Studio 2013
VisualStudioVersion = 12.0.21005.1
MinimumVisualStudioVersion = 10.0.40219.1
Project("{FAE04EC0-301F-11D3-BF4B-00C04F79EFBC}") = "PlatformProject.AuthServer", "PlatformProject.AuthServer\PlatformProject.AuthServer.csproj", "{240AEEE9-C723-4813-864E-504AEE0F4DF5}"
EndProject
Project("{FAE04EC0-301F-11D3-BF4B-00C04F79EFBC}") = "PlatformProject.Constants", "PlatformProject.Constants\PlatformProject.Constants.csproj", "{9A8D8123-174E-4692-9062-4222D985EB16}"
EndProject
Project("{FAE04EC0-301F-11D3-BF4B-00C04F79EFBC}") = "PlatformProject.API", "PlatformProject.API\PlatformProject.API.csproj", "{839A6E73-4736-4E67-978F-9FA6E2D48B7A}"
EndProject
Project("{FAE04EC0-301F-11D3-BF4B-00C04F79EFBC}") = "PlatformProject.SPA", "PlatformProject.SPA\PlatformProject.SPA.csproj", "{EC6810CB-AEF1-4C19-84B0-0413EF9D1FC0}"
EndProject
Project("{FAE04EC0-301F-11D3-BF4B-00C04F79EFBC}") = "PlatformProject.Web", "PlatformProject.Web\PlatformProject.Web.csproj", "{7E6ED66C-487A-4EBD-8ACB-EC3F512832E1}"
EndProject
Project("{FAE04EC0-301F-11D3-BF4B-00C04F79EFBC}") = "PlatformProject.Model", "PlatformProject.Model\PlatformProject.Model.csproj", "{DEE50F85-0DF8-4251-8CED-1E2B1E76FF13}"
EndProject
Project("{FAE04EC0-301F-11D3-BF4B-00C04F79EFBC}") = "PlatformProject.Data", "PlatformProject.Data\PlatformProject.Data.csproj", "{965F1E33-B075-4918-8B34-6F2A12874319}"
EndProject
Project("{FAE04EC0-301F-11D3-BF4B-00C04F79EFBC}") = "PlatformProject.AdminConsole", "PlatformProject.AdminConsole\PlatformProject.AdminConsole.csproj", "{4D6CA310-1349-4A72-B2D8-5F4B1993C785}"
EndProject
Project("{FAE04EC0-301F-11D3-BF4B-00C04F79EFBC}") = "PlatformProject.ProvisioningServer", "PlatformProject.ProvisioningServer\PlatformProject.ProvisioningServer.csproj", "{CB66A906-1E97-4A37-8D02-0D7AEC2584B1}"
EndProject
Project("{FAE04EC0-301F-11D3-BF4B-00C04F79EFBC}") = "PlatformProject.DTO", "PlatformProject.DTO\PlatformProject.DTO.csproj", "{85EEF3BD-2B1D-43C3-AE4B-E3C96CE2BB89}"
EndProject
Project("{FAE04EC0-301F-11D3-BF4B-00C04F79EFBC}") = "PlatformProject.StarterKit", "PlatformProject.StarterKit\PlatformProject.StarterKit.csproj", "{86F7D54D-D12C-4FC1-AF61-39A602BB325F}"
EndProject
Global
	GlobalSection(SolutionConfigurationPlatforms) = preSolution
		Debug|Any CPU = Debug|Any CPU
		Release|Any CPU = Release|Any CPU
	EndGlobalSection
	GlobalSection(ProjectConfigurationPlatforms) = postSolution
		{240AEEE9-C723-4813-864E-504AEE0F4DF5}.Debug|Any CPU.ActiveCfg = Debug|Any CPU
		{240AEEE9-C723-4813-864E-504AEE0F4DF5}.Debug|Any CPU.Build.0 = Debug|Any CPU
		{240AEEE9-C723-4813-864E-504AEE0F4DF5}.Release|Any CPU.ActiveCfg = Release|Any CPU
		{240AEEE9-C723-4813-864E-504AEE0F4DF5}.Release|Any CPU.Build.0 = Release|Any CPU
		{9A8D8123-174E-4692-9062-4222D985EB16}.Debug|Any CPU.ActiveCfg = Debug|Any CPU
		{9A8D8123-174E-4692-9062-4222D985EB16}.Debug|Any CPU.Build.0 = Debug|Any CPU
		{9A8D8123-174E-4692-9062-4222D985EB16}.Release|Any CPU.ActiveCfg = Release|Any CPU
		{9A8D8123-174E-4692-9062-4222D985EB16}.Release|Any CPU.Build.0 = Release|Any CPU
		{839A6E73-4736-4E67-978F-9FA6E2D48B7A}.Debug|Any CPU.ActiveCfg = Debug|Any CPU
		{839A6E73-4736-4E67-978F-9FA6E2D48B7A}.Debug|Any CPU.Build.0 = Debug|Any CPU
		{839A6E73-4736-4E67-978F-9FA6E2D48B7A}.Release|Any CPU.ActiveCfg = Release|Any CPU
		{839A6E73-4736-4E67-978F-9FA6E2D48B7A}.Release|Any CPU.Build.0 = Release|Any CPU
		{EC6810CB-AEF1-4C19-84B0-0413EF9D1FC0}.Debug|Any CPU.ActiveCfg = Debug|Any CPU
		{EC6810CB-AEF1-4C19-84B0-0413EF9D1FC0}.Debug|Any CPU.Build.0 = Debug|Any CPU
		{EC6810CB-AEF1-4C19-84B0-0413EF9D1FC0}.Release|Any CPU.ActiveCfg = Release|Any CPU
		{EC6810CB-AEF1-4C19-84B0-0413EF9D1FC0}.Release|Any CPU.Build.0 = Release|Any CPU
		{7E6ED66C-487A-4EBD-8ACB-EC3F512832E1}.Debug|Any CPU.ActiveCfg = Debug|Any CPU
		{7E6ED66C-487A-4EBD-8ACB-EC3F512832E1}.Debug|Any CPU.Build.0 = Debug|Any CPU
		{7E6ED66C-487A-4EBD-8ACB-EC3F512832E1}.Release|Any CPU.ActiveCfg = Release|Any CPU
		{7E6ED66C-487A-4EBD-8ACB-EC3F512832E1}.Release|Any CPU.Build.0 = Release|Any CPU
		{DEE50F85-0DF8-4251-8CED-1E2B1E76FF13}.Debug|Any CPU.ActiveCfg = Debug|Any CPU
		{DEE50F85-0DF8-4251-8CED-1E2B1E76FF13}.Debug|Any CPU.Build.0 = Debug|Any CPU
		{DEE50F85-0DF8-4251-8CED-1E2B1E76FF13}.Release|Any CPU.ActiveCfg = Release|Any CPU
		{DEE50F85-0DF8-4251-8CED-1E2B1E76FF13}.Release|Any CPU.Build.0 = Release|Any CPU
		{965F1E33-B075-4918-8B34-6F2A12874319}.Debug|Any CPU.ActiveCfg = Debug|Any CPU
		{965F1E33-B075-4918-8B34-6F2A12874319}.Debug|Any CPU.Build.0 = Debug|Any CPU
		{965F1E33-B075-4918-8B34-6F2A12874319}.Release|Any CPU.ActiveCfg = Release|Any CPU
		{965F1E33-B075-4918-8B34-6F2A12874319}.Release|Any CPU.Build.0 = Release|Any CPU
		{4D6CA310-1349-4A72-B2D8-5F4B1993C785}.Debug|Any CPU.ActiveCfg = Debug|Any CPU
		{4D6CA310-1349-4A72-B2D8-5F4B1993C785}.Debug|Any CPU.Build.0 = Debug|Any CPU
		{4D6CA310-1349-4A72-B2D8-5F4B1993C785}.Release|Any CPU.ActiveCfg = Release|Any CPU
		{4D6CA310-1349-4A72-B2D8-5F4B1993C785}.Release|Any CPU.Build.0 = Release|Any CPU
		{CB66A906-1E97-4A37-8D02-0D7AEC2584B1}.Debug|Any CPU.ActiveCfg = Debug|Any CPU
		{CB66A906-1E97-4A37-8D02-0D7AEC2584B1}.Debug|Any CPU.Build.0 = Debug|Any CPU
		{CB66A906-1E97-4A37-8D02-0D7AEC2584B1}.Release|Any CPU.ActiveCfg = Release|Any CPU
		{CB66A906-1E97-4A37-8D02-0D7AEC2584B1}.Release|Any CPU.Build.0 = Release|Any CPU
		{85EEF3BD-2B1D-43C3-AE4B-E3C96CE2BB89}.Debug|Any CPU.ActiveCfg = Debug|Any CPU
		{85EEF3BD-2B1D-43C3-AE4B-E3C96CE2BB89}.Debug|Any CPU.Build.0 = Debug|Any CPU
		{85EEF3BD-2B1D-43C3-AE4B-E3C96CE2BB89}.Release|Any CPU.ActiveCfg = Release|Any CPU
		{85EEF3BD-2B1D-43C3-AE4B-E3C96CE2BB89}.Release|Any CPU.Build.0 = Release|Any CPU
		{86F7D54D-D12C-4FC1-AF61-39A602BB325F}.Debug|Any CPU.ActiveCfg = Debug|Any CPU
		{86F7D54D-D12C-4FC1-AF61-39A602BB325F}.Debug|Any CPU.Build.0 = Debug|Any CPU
		{86F7D54D-D12C-4FC1-AF61-39A602BB325F}.Release|Any CPU.ActiveCfg = Release|Any CPU
		{86F7D54D-D12C-4FC1-AF61-39A602BB325F}.Release|Any CPU.Build.0 = Release|Any CPU
	EndGlobalSection
	GlobalSection(SolutionProperties) = preSolution
		HideSolutionNode = FALSE
	EndGlobalSection
EndGlobal
